
Microsoft Visual Studio Solution File, Format Version 12.00
# Visual Studio Version 17
VisualStudioVersion = 17.6.33829.357
MinimumVisualStudioVersion = 10.0.40219.1
Project("{FAE04EC0-301F-11D3-BF4B-00C04F79EFBC}") = "FinalProjectEfCore", "FinalProjectEfCore\FinalProjectEfCore.csproj", "{117B34C2-A1B7-497A-8939-807AFADFF66F}"
EndProject
Global
	GlobalSection(SolutionConfigurationPlatforms) = preSolution
		Debug|Any CPU = Debug|Any CPU
		Release|Any CPU = Release|Any CPU
	EndGlobalSection
	GlobalSection(ProjectConfigurationPlatforms) = postSolution
		{117B34C2-A1B7-497A-8939-807AFADFF66F}.Debug|Any CPU.ActiveCfg = Debug|Any CPU
		{117B34C2-A1B7-497A-8939-807AFADFF66F}.Debug|Any CPU.Build.0 = Debug|Any CPU
		{117B34C2-A1B7-497A-8939-807AFADFF66F}.Release|Any CPU.ActiveCfg = Release|Any CPU
		{117B34C2-A1B7-497A-8939-807AFADFF66F}.Release|Any CPU.Build.0 = Release|Any CPU
	EndGlobalSection
	GlobalSection(SolutionProperties) = preSolution
		HideSolutionNode = FALSE
	EndGlobalSection
	GlobalSection(ExtensibilityGlobals) = postSolution
		SolutionGuid = {7FF311C5-1B52-4FA8-934A-0B38B037CA34}
	EndGlobalSection
EndGlobal
